// !$*UTF8*$!
{
	archiveVersion = 1;
	classes = {
	};
	objectVersion = 77;
	objects = {

/* Begin PBXBuildFile section */
		040EE58E2DCC5DE400F19C4C /* SVProgressHUD in Frameworks */ = {isa = PBXBuildFile; productRef = 040EE58D2DCC5DE400F19C4C /* SVProgressHUD */; };
		042722982DC8B0DB000815A7 /* RxBlocking in Frameworks */ = {isa = PBXBuildFile; productRef = 042722972DC8B0DB000815A7 /* RxBlocking */; };
		0427229A2DC8B0DB000815A7 /* RxCocoa in Frameworks */ = {isa = PBXBuildFile; productRef = 042722992DC8B0DB000815A7 /* RxCocoa */; };
		0427229C2DC8B0DB000815A7 /* RxRelay in Frameworks */ = {isa = PBXBuildFile; productRef = 0427229B2DC8B0DB000815A7 /* RxRelay */; };
		043C55A42E82EC9C00EAA66D /* RealmSwift in Embed Frameworks */ = {isa = PBXBuildFile; productRef = 04AA497E2DCF64BE0057841B /* RealmSwift */; settings = {ATTRIBUTES = (CodeSignOnCopy, ); }; };
		043FD3C82DC26D71002C03A6 /* SnapKit in Frameworks */ = {isa = PBXBuildFile; productRef = 043FD3C72DC26D71002C03A6 /* SnapKit */; };
		04AA497F2DCF64BE0057841B /* RealmSwift in Frameworks */ = {isa = PBXBuildFile; productRef = 04AA497E2DCF64BE0057841B /* RealmSwift */; };
		04AA619C2DD393D70057841B /* StoreKit.framework in Frameworks */ = {isa = PBXBuildFile; fileRef = 04AA619B2DD393D70057841B /* StoreKit.framework */; };
/* End PBXBuildFile section */

/* Begin PBXCopyFilesBuildPhase section */
		043C55A52E82EC9C00EAA66D /* Embed Frameworks */ = {
			isa = PBXCopyFilesBuildPhase;
			buildActionMask = 2147483647;
			dstPath = "";
			dstSubfolderSpec = 10;
			files = (
				043C55A42E82EC9C00EAA66D /* RealmSwift in Embed Frameworks */,
			);
			name = "Embed Frameworks";
			runOnlyForDeploymentPostprocessing = 0;
		};
/* End PBXCopyFilesBuildPhase section */

/* Begin PBXFileReference section */
		043FD0742DC26CC6002C03A6 /* TalkToBudda.app */ = {isa = PBXFileReference; explicitFileType = wrapper.application; includeInIndex = 0; path = TalkToBudda.app; sourceTree = BUILT_PRODUCTS_DIR; };
		04AA619B2DD393D70057841B /* StoreKit.framework */ = {isa = PBXFileReference; lastKnownFileType = wrapper.framework; name = StoreKit.framework; path = System/Library/Frameworks/StoreKit.framework; sourceTree = SDKROOT; };
/* End PBXFileReference section */

/* Begin PBXFileSystemSynchronizedBuildFileExceptionSet section */
		043FD0862DC26CC7002C03A6 /* Exceptions for "TalkToBudda" folder in "TalkToBudda" target */ = {
			isa = PBXFileSystemSynchronizedBuildFileExceptionSet;
			assetTagsByRelativePath = {
				"Resources/Pdfs/ABHIDHAMMA PITAKA/en231-1.pdf" = ("ABHIDHAMMA PITAKA", );
				"Resources/Pdfs/ABHIDHAMMA PITAKA/en231-2.pdf" = ("ABHIDHAMMA PITAKA", );
				"Resources/Pdfs/ABHIDHAMMA PITAKA/en231-3.pdf" = ("ABHIDHAMMA PITAKA", );
				"Resources/Pdfs/ABHIDHAMMA PITAKA/en231-4.pdf" = ("ABHIDHAMMA PITAKA", );
				"Resources/Pdfs/ABHIDHAMMA PITAKA/en231-5.pdf" = ("ABHIDHAMMA PITAKA", );
				"Resources/Pdfs/ABHIDHAMMA PITAKA/en231-6.pdf" = ("ABHIDHAMMA PITAKA", );
				"Resources/Pdfs/Linked Discourses (Tương ưng bộ)/en165-1.pdf" = ("Linked Discourses", );
				"Resources/Pdfs/Linked Discourses (Tương ưng bộ)/en165-2.pdf" = ("Linked Discourses", );
				"Resources/Pdfs/Linked Discourses (Tương ưng bộ)/en165-3.pdf" = ("Linked Discourses", );
				"Resources/Pdfs/Linked Discourses (Tương ưng bộ)/en165-4.pdf" = ("Linked Discourses", );
				"Resources/Pdfs/Linked Discourses (Tương ưng bộ)/en165-5.pdf" = ("Linked Discourses", );
				"Resources/Pdfs/Long Discourses (Trường bộ)/en163-1.pdf" = ("Long Discourses", );
				"Resources/Pdfs/Long Discourses (Trường bộ)/en163-2.pdf" = ("Long Discourses", );
				"Resources/Pdfs/Long Discourses (Trường bộ)/en163-3.pdf" = ("Long Discourses", );
				"Resources/Pdfs/Middle Discourses (Trung bộ)/en164-1.pdf" = ("Middle Discourses", );
				"Resources/Pdfs/Middle Discourses (Trung bộ)/en164-2.pdf" = ("Middle Discourses", );
				"Resources/Pdfs/Middle Discourses (Trung bộ)/en164-3.pdf" = ("Middle Discourses", );
				"Resources/Pdfs/Minor Collection/en248.pdf" = ("Minor Collection", );
				"Resources/Pdfs/Minor Collection/en249.pdf" = ("Minor Collection", );
				"Resources/Pdfs/Minor Collection/en250.pdf" = ("Minor Collection", );
				"Resources/Pdfs/Minor Collection/en251.pdf" = ("Minor Collection", );
				"Resources/Pdfs/Minor Collection/en252.pdf" = ("Minor Collection", );
				"Resources/Pdfs/Numbered Discourses/en166-1.pdf" = ("Numbered Discourses", );
				"Resources/Pdfs/Numbered Discourses/en166-2.pdf" = ("Numbered Discourses", );
				"Resources/Pdfs/Numbered Discourses/en166-3.pdf" = ("Numbered Discourses", );
				"Resources/Pdfs/Numbered Discourses/en166-4.pdf" = ("Numbered Discourses", );
				"Resources/Pdfs/Numbered Discourses/en166-5.pdf" = ("Numbered Discourses", );
				"Resources/Pdfs/VINAYA PITAKA (TẠNG LUẬT)/en54.pdf" = ("VINAYA PITAKA", );
			};
			membershipExceptions = (
				Info.plist,
			);
			target = 043FD0732DC26CC6002C03A6 /* TalkToBudda */;
		};
/* End PBXFileSystemSynchronizedBuildFileExceptionSet section */

/* Begin PBXFileSystemSynchronizedRootGroup section */
		043FD0762DC26CC6002C03A6 /* TalkToBudda */ = {
			isa = PBXFileSystemSynchronizedRootGroup;
			exceptions = (
				043FD0862DC26CC7002C03A6 /* Exceptions for "TalkToBudda" folder in "TalkToBudda" target */,
			);
			path = TalkToBudda;
			sourceTree = "<group>";
		};
/* End PBXFileSystemSynchronizedRootGroup section */

/* Begin PBXFrameworksBuildPhase section */
		043FD0712DC26CC6002C03A6 /* Frameworks */ = {
			isa = PBXFrameworksBuildPhase;
			buildActionMask = 2147483647;
			files = (
				0427229A2DC8B0DB000815A7 /* RxCocoa in Frameworks */,
				04AA619C2DD393D70057841B /* StoreKit.framework in Frameworks */,
				04AA497F2DCF64BE0057841B /* RealmSwift in Frameworks */,
				040EE58E2DCC5DE400F19C4C /* SVProgressHUD in Frameworks */,
				043FD3C82DC26D71002C03A6 /* SnapKit in Frameworks */,
				0427229C2DC8B0DB000815A7 /* RxRelay in Frameworks */,
				042722982DC8B0DB000815A7 /* RxBlocking in Frameworks */,
			);
			runOnlyForDeploymentPostprocessing = 0;
		};
/* End PBXFrameworksBuildPhase section */

/* Begin PBXGroup section */
		043FD06B2DC26CC6002C03A6 = {
			isa = PBXGroup;
			children = (
				043FD0762DC26CC6002C03A6 /* TalkToBudda */,
				04AA619A2DD393D70057841B /* Frameworks */,
				043FD0752DC26CC6002C03A6 /* Products */,
			);
			sourceTree = "<group>";
		};
		043FD0752DC26CC6002C03A6 /* Products */ = {
			isa = PBXGroup;
			children = (
				043FD0742DC26CC6002C03A6 /* TalkToBudda.app */,
			);
			name = Products;
			sourceTree = "<group>";
		};
		04AA619A2DD393D70057841B /* Frameworks */ = {
			isa = PBXGroup;
			children = (
				04AA619B2DD393D70057841B /* StoreKit.framework */,
			);
			name = Frameworks;
			sourceTree = "<group>";
		};
/* End PBXGroup section */

/* Begin PBXNativeTarget section */
		043FD0732DC26CC6002C03A6 /* TalkToBudda */ = {
			isa = PBXNativeTarget;
			buildConfigurationList = 043FD0872DC26CC7002C03A6 /* Build configuration list for PBXNativeTarget "TalkToBudda" */;
			buildPhases = (
				043FD0702DC26CC6002C03A6 /* Sources */,
				043FD0712DC26CC6002C03A6 /* Frameworks */,
				043FD0722DC26CC6002C03A6 /* Resources */,
				043C55A52E82EC9C00EAA66D /* Embed Frameworks */,
			);
			buildRules = (
			);
			dependencies = (
			);
			fileSystemSynchronizedGroups = (
				043FD0762DC26CC6002C03A6 /* TalkToBudda */,
			);
			name = TalkToBudda;
			packageProductDependencies = (
				043FD3C72DC26D71002C03A6 /* SnapKit */,
				042722972DC8B0DB000815A7 /* RxBlocking */,
				042722992DC8B0DB000815A7 /* RxCocoa */,
				0427229B2DC8B0DB000815A7 /* RxRelay */,
				040EE58D2DCC5DE400F19C4C /* SVProgressHUD */,
				04AA497E2DCF64BE0057841B /* RealmSwift */,
			);
			productName = TalkToBudda;
			productReference = 043FD0742DC26CC6002C03A6 /* TalkToBudda.app */;
			productType = "com.apple.product-type.application";
		};
/* End PBXNativeTarget section */

/* Begin PBXProject section */
		043FD06C2DC26CC6002C03A6 /* Project object */ = {
			isa = PBXProject;
			attributes = {
				BuildIndependentTargetsInParallel = 1;
				KnownAssetTags = (
					"ABHIDHAMMA PITAKA",
					"Linked Discourses",
					"Long Discourses",
					"Middle Discourses",
					"Minor Collection",
					"Numbered Discourses",
					"VINAYA PITAKA",
				);
				LastSwiftUpdateCheck = 1620;
				LastUpgradeCheck = 1620;
				TargetAttributes = {
					043FD0732DC26CC6002C03A6 = {
						CreatedOnToolsVersion = 16.2;
					};
				};
			};
			buildConfigurationList = 043FD06F2DC26CC6002C03A6 /* Build configuration list for PBXProject "TalkToBudda" */;
			developmentRegion = en;
			hasScannedForEncodings = 0;
			knownRegions = (
				en,
				Base,
			);
			mainGroup = 043FD06B2DC26CC6002C03A6;
			minimizedProjectReferenceProxies = 1;
			packageReferences = (
				043FD3C62DC26D71002C03A6 /* XCRemoteSwiftPackageReference "SnapKit" */,
				042722962DC8B0DB000815A7 /* XCRemoteSwiftPackageReference "RxSwift" */,
				040EE58C2DCC5DE400F19C4C /* XCRemoteSwiftPackageReference "SVProgressHUD" */,
				04AA497B2DCF64BE0057841B /* XCRemoteSwiftPackageReference "realm-swift" */,
			);
			preferredProjectObjectVersion = 77;
			productRefGroup = 043FD0752DC26CC6002C03A6 /* Products */;
			projectDirPath = "";
			projectRoot = "";
			targets = (
				043FD0732DC26CC6002C03A6 /* TalkToBudda */,
			);
		};
/* End PBXProject section */

/* Begin PBXResourcesBuildPhase section */
		043FD0722DC26CC6002C03A6 /* Resources */ = {
			isa = PBXResourcesBuildPhase;
			buildActionMask = 2147483647;
			files = (
			);
			runOnlyForDeploymentPostprocessing = 0;
		};
/* End PBXResourcesBuildPhase section */

/* Begin PBXSourcesBuildPhase section */
		043FD0702DC26CC6002C03A6 /* Sources */ = {
			isa = PBXSourcesBuildPhase;
			buildActionMask = 2147483647;
			files = (
			);
			runOnlyForDeploymentPostprocessing = 0;
		};
/* End PBXSourcesBuildPhase section */

/* Begin XCBuildConfiguration section */
		043FD0882DC26CC7002C03A6 /* Debug */ = {
			isa = XCBuildConfiguration;
			buildSettings = {
				ASSETCATALOG_COMPILER_APPICON_NAME = AppIcon;
				ASSETCATALOG_COMPILER_GLOBAL_ACCENT_COLOR_NAME = AccentColor;
				CODE_SIGN_STYLE = Automatic;
				CURRENT_PROJECT_VERSION = 6;
				DEVELOPMENT_TEAM = F59XSVKP6X;
				GENERATE_INFOPLIST_FILE = YES;
				INFOPLIST_FILE = TalkToBudda/Info.plist;
				INFOPLIST_KEY_NSUserTrackingUsageDescription = "This identifier will be used to deliver personalized ads to you.";
				INFOPLIST_KEY_UIApplicationSupportsIndirectInputEvents = YES;
				INFOPLIST_KEY_UILaunchStoryboardName = LaunchScreen;
				INFOPLIST_KEY_UIMainStoryboardFile = Main;
				INFOPLIST_KEY_UISupportedInterfaceOrientations = UIInterfaceOrientationPortrait;
				INFOPLIST_KEY_UISupportedInterfaceOrientations_iPad = "UIInterfaceOrientationLandscapeLeft UIInterfaceOrientationLandscapeRight UIInterfaceOrientationPortrait UIInterfaceOrientationPortraitUpsideDown";
				IPHONEOS_DEPLOYMENT_TARGET = 15.0;
				LD_RUNPATH_SEARCH_PATHS = (
					"$(inherited)",
					"@executable_path/Frameworks",
				);
				MARKETING_VERSION = 1.0;
				PRODUCT_BUNDLE_IDENTIFIER = hai.codetu.TalkToBudda;
				PRODUCT_NAME = "$(TARGET_NAME)";
				SUPPORTED_PLATFORMS = "iphoneos iphonesimulator";
				SUPPORTS_MACCATALYST = NO;
				SUPPORTS_MAC_DESIGNED_FOR_IPHONE_IPAD = NO;
				SUPPORTS_XR_DESIGNED_FOR_IPHONE_IPAD = NO;
				SWIFT_EMIT_LOC_STRINGS = YES;
				SWIFT_VERSION = 5.0;
				TARGETED_DEVICE_FAMILY = 1;
			};
			name = Debug;
		};
		043FD0892DC26CC7002C03A6 /* Release */ = {
			isa = XCBuildConfiguration;
			buildSettings = {
				ASSETCATALOG_COMPILER_APPICON_NAME = AppIcon;
				ASSETCATALOG_COMPILER_GLOBAL_ACCENT_COLOR_NAME = AccentColor;
				CODE_SIGN_STYLE = Automatic;
				CURRENT_PROJECT_VERSION = 6;
				DEVELOPMENT_TEAM = F59XSVKP6X;
				GENERATE_INFOPLIST_FILE = YES;
				INFOPLIST_FILE = TalkToBudda/Info.plist;
				INFOPLIST_KEY_NSUserTrackingUsageDescription = "This identifier will be used to deliver personalized ads to you.";
				INFOPLIST_KEY_UIApplicationSupportsIndirectInputEvents = YES;
				INFOPLIST_KEY_UILaunchStoryboardName = LaunchScreen;
				INFOPLIST_KEY_UIMainStoryboardFile = Main;
				INFOPLIST_KEY_UISupportedInterfaceOrientations = UIInterfaceOrientationPortrait;
				INFOPLIST_KEY_UISupportedInterfaceOrientations_iPad = "UIInterfaceOrientationLandscapeLeft UIInterfaceOrientationLandscapeRight UIInterfaceOrientationPortrait UIInterfaceOrientationPortraitUpsideDown";
				IPHONEOS_DEPLOYMENT_TARGET = 15.0;
				LD_RUNPATH_SEARCH_PATHS = (
					"$(inherited)",
					"@executable_path/Frameworks",
				);
				MARKETING_VERSION = 1.0;
				PRODUCT_BUNDLE_IDENTIFIER = hai.codetu.TalkToBudda;
				PRODUCT_NAME = "$(TARGET_NAME)";
				SUPPORTED_PLATFORMS = "iphoneos iphonesimulator";
				SUPPORTS_MACCATALYST = NO;
				SUPPORTS_MAC_DESIGNED_FOR_IPHONE_IPAD = NO;
				SUPPORTS_XR_DESIGNED_FOR_IPHONE_IPAD = NO;
				SWIFT_EMIT_LOC_STRINGS = YES;
				SWIFT_VERSION = 5.0;
				TARGETED_DEVICE_FAMILY = 1;
			};
			name = Release;
		};
		043FD08A2DC26CC7002C03A6 /* Debug */ = {
			isa = XCBuildConfiguration;
			buildSettings = {
				ALWAYS_SEARCH_USER_PATHS = NO;
				ASSETCATALOG_COMPILER_GENERATE_SWIFT_ASSET_SYMBOL_EXTENSIONS = YES;
				CLANG_ANALYZER_NONNULL = YES;
				CLANG_ANALYZER_NUMBER_OBJECT_CONVERSION = YES_AGGRESSIVE;
				CLANG_CXX_LANGUAGE_STANDARD = "gnu++20";
				CLANG_ENABLE_MODULES = YES;
				CLANG_ENABLE_OBJC_ARC = YES;
				CLANG_ENABLE_OBJC_WEAK = YES;
				CLANG_WARN_BLOCK_CAPTURE_AUTORELEASING = YES;
				CLANG_WARN_BOOL_CONVERSION = YES;
				CLANG_WARN_COMMA = YES;
				CLANG_WARN_CONSTANT_CONVERSION = YES;
				CLANG_WARN_DEPRECATED_OBJC_IMPLEMENTATIONS = YES;
				CLANG_WARN_DIRECT_OBJC_ISA_USAGE = YES_ERROR;
				CLANG_WARN_DOCUMENTATION_COMMENTS = YES;
				CLANG_WARN_EMPTY_BODY = YES;
				CLANG_WARN_ENUM_CONVERSION = YES;
				CLANG_WARN_INFINITE_RECURSION = YES;
				CLANG_WARN_INT_CONVERSION = YES;
				CLANG_WARN_NON_LITERAL_NULL_CONVERSION = YES;
				CLANG_WARN_OBJC_IMPLICIT_RETAIN_SELF = YES;
				CLANG_WARN_OBJC_LITERAL_CONVERSION = YES;
				CLANG_WARN_OBJC_ROOT_CLASS = YES_ERROR;
				CLANG_WARN_QUOTED_INCLUDE_IN_FRAMEWORK_HEADER = YES;
				CLANG_WARN_RANGE_LOOP_ANALYSIS = YES;
				CLANG_WARN_STRICT_PROTOTYPES = YES;
				CLANG_WARN_SUSPICIOUS_MOVE = YES;
				CLANG_WARN_UNGUARDED_AVAILABILITY = YES_AGGRESSIVE;
				CLANG_WARN_UNREACHABLE_CODE = YES;
				CLANG_WARN__DUPLICATE_METHOD_MATCH = YES;
				COPY_PHASE_STRIP = NO;
				DEBUG_INFORMATION_FORMAT = dwarf;
				ENABLE_STRICT_OBJC_MSGSEND = YES;
				ENABLE_TESTABILITY = YES;
				ENABLE_USER_SCRIPT_SANDBOXING = YES;
				GCC_C_LANGUAGE_STANDARD = gnu17;
				GCC_DYNAMIC_NO_PIC = NO;
				GCC_NO_COMMON_BLOCKS = YES;
				GCC_OPTIMIZATION_LEVEL = 0;
				GCC_PREPROCESSOR_DEFINITIONS = (
					"DEBUG=1",
					"$(inherited)",
				);
				GCC_WARN_64_TO_32_BIT_CONVERSION = YES;
				GCC_WARN_ABOUT_RETURN_TYPE = YES_ERROR;
				GCC_WARN_UNDECLARED_SELECTOR = YES;
				GCC_WARN_UNINITIALIZED_AUTOS = YES_AGGRESSIVE;
				GCC_WARN_UNUSED_FUNCTION = YES;
				GCC_WARN_UNUSED_VARIABLE = YES;
				IPHONEOS_DEPLOYMENT_TARGET = 18.2;
				LOCALIZATION_PREFERS_STRING_CATALOGS = YES;
				MTL_ENABLE_DEBUG_INFO = INCLUDE_SOURCE;
				MTL_FAST_MATH = YES;
				ONLY_ACTIVE_ARCH = YES;
				SDKROOT = iphoneos;
				SWIFT_ACTIVE_COMPILATION_CONDITIONS = "DEBUG $(inherited)";
				SWIFT_OPTIMIZATION_LEVEL = "-Onone";
			};
			name = Debug;
		};
		043FD08B2DC26CC7002C03A6 /* Release */ = {
			isa = XCBuildConfiguration;
			buildSettings = {
				ALWAYS_SEARCH_USER_PATHS = NO;
				ASSETCATALOG_COMPILER_GENERATE_SWIFT_ASSET_SYMBOL_EXTENSIONS = YES;
				CLANG_ANALYZER_NONNULL = YES;
				CLANG_ANALYZER_NUMBER_OBJECT_CONVERSION = YES_AGGRESSIVE;
				CLANG_CXX_LANGUAGE_STANDARD = "gnu++20";
				CLANG_ENABLE_MODULES = YES;
				CLANG_ENABLE_OBJC_ARC = YES;
				CLANG_ENABLE_OBJC_WEAK = YES;
				CLANG_WARN_BLOCK_CAPTURE_AUTORELEASING = YES;
				CLANG_WARN_BOOL_CONVERSION = YES;
				CLANG_WARN_COMMA = YES;
				CLANG_WARN_CONSTANT_CONVERSION = YES;
				CLANG_WARN_DEPRECATED_OBJC_IMPLEMENTATIONS = YES;
				CLANG_WARN_DIRECT_OBJC_ISA_USAGE = YES_ERROR;
				CLANG_WARN_DOCUMENTATION_COMMENTS = YES;
				CLANG_WARN_EMPTY_BODY = YES;
				CLANG_WARN_ENUM_CONVERSION = YES;
				CLANG_WARN_INFINITE_RECURSION = YES;
				CLANG_WARN_INT_CONVERSION = YES;
				CLANG_WARN_NON_LITERAL_NULL_CONVERSION = YES;
				CLANG_WARN_OBJC_IMPLICIT_RETAIN_SELF = YES;
				CLANG_WARN_OBJC_LITERAL_CONVERSION = YES;
				CLANG_WARN_OBJC_ROOT_CLASS = YES_ERROR;
				CLANG_WARN_QUOTED_INCLUDE_IN_FRAMEWORK_HEADER = YES;
				CLANG_WARN_RANGE_LOOP_ANALYSIS = YES;
				CLANG_WARN_STRICT_PROTOTYPES = YES;
				CLANG_WARN_SUSPICIOUS_MOVE = YES;
				CLANG_WARN_UNGUARDED_AVAILABILITY = YES_AGGRESSIVE;
				CLANG_WARN_UNREACHABLE_CODE = YES;
				CLANG_WARN__DUPLICATE_METHOD_MATCH = YES;
				COPY_PHASE_STRIP = NO;
				DEBUG_INFORMATION_FORMAT = "dwarf-with-dsym";
				ENABLE_NS_ASSERTIONS = NO;
				ENABLE_STRICT_OBJC_MSGSEND = YES;
				ENABLE_USER_SCRIPT_SANDBOXING = YES;
				GCC_C_LANGUAGE_STANDARD = gnu17;
				GCC_NO_COMMON_BLOCKS = YES;
				GCC_WARN_64_TO_32_BIT_CONVERSION = YES;
				GCC_WARN_ABOUT_RETURN_TYPE = YES_ERROR;
				GCC_WARN_UNDECLARED_SELECTOR = YES;
				GCC_WARN_UNINITIALIZED_AUTOS = YES_AGGRESSIVE;
				GCC_WARN_UNUSED_FUNCTION = YES;
				GCC_WARN_UNUSED_VARIABLE = YES;
				IPHONEOS_DEPLOYMENT_TARGET = 18.2;
				LOCALIZATION_PREFERS_STRING_CATALOGS = YES;
				MTL_ENABLE_DEBUG_INFO = NO;
				MTL_FAST_MATH = YES;
				SDKROOT = iphoneos;
				SWIFT_COMPILATION_MODE = wholemodule;
				VALIDATE_PRODUCT = YES;
			};
			name = Release;
		};
/* End XCBuildConfiguration section */

/* Begin XCConfigurationList section */
		043FD06F2DC26CC6002C03A6 /* Build configuration list for PBXProject "TalkToBudda" */ = {
			isa = XCConfigurationList;
			buildConfigurations = (
				043FD08A2DC26CC7002C03A6 /* Debug */,
				043FD08B2DC26CC7002C03A6 /* Release */,
			);
			defaultConfigurationIsVisible = 0;
			defaultConfigurationName = Release;
		};
		043FD0872DC26CC7002C03A6 /* Build configuration list for PBXNativeTarget "TalkToBudda" */ = {
			isa = XCConfigurationList;
			buildConfigurations = (
				043FD0882DC26CC7002C03A6 /* Debug */,
				043FD0892DC26CC7002C03A6 /* Release */,
			);
			defaultConfigurationIsVisible = 0;
			defaultConfigurationName = Release;
		};
/* End XCConfigurationList section */

/* Begin XCRemoteSwiftPackageReference section */
		040EE58C2DCC5DE400F19C4C /* XCRemoteSwiftPackageReference "SVProgressHUD" */ = {
			isa = XCRemoteSwiftPackageReference;
			repositoryURL = "https://github.com/SVProgressHUD/SVProgressHUD.git";
			requirement = {
				kind = upToNextMajorVersion;
				minimumVersion = 2.3.1;
			};
		};
		042722962DC8B0DB000815A7 /* XCRemoteSwiftPackageReference "RxSwift" */ = {
			isa = XCRemoteSwiftPackageReference;
			repositoryURL = "https://github.com/ReactiveX/RxSwift.git";
			requirement = {
				kind = upToNextMajorVersion;
				minimumVersion = 6.9.0;
			};
		};
		043FD3C62DC26D71002C03A6 /* XCRemoteSwiftPackageReference "SnapKit" */ = {
			isa = XCRemoteSwiftPackageReference;
			repositoryURL = "https://github.com/SnapKit/SnapKit.git";
			requirement = {
				kind = upToNextMajorVersion;
				minimumVersion = 5.7.1;
			};
		};
		04AA497B2DCF64BE0057841B /* XCRemoteSwiftPackageReference "realm-swift" */ = {
			isa = XCRemoteSwiftPackageReference;
			repositoryURL = "https://github.com/realm/realm-swift.git";
			requirement = {
				branch = master;
				kind = branch;
			};
		};
/* End XCRemoteSwiftPackageReference section */

/* Begin XCSwiftPackageProductDependency section */
		040EE58D2DCC5DE400F19C4C /* SVProgressHUD */ = {
			isa = XCSwiftPackageProductDependency;
			package = 040EE58C2DCC5DE400F19C4C /* XCRemoteSwiftPackageReference "SVProgressHUD" */;
			productName = SVProgressHUD;
		};
		042722972DC8B0DB000815A7 /* RxBlocking */ = {
			isa = XCSwiftPackageProductDependency;
			package = 042722962DC8B0DB000815A7 /* XCRemoteSwiftPackageReference "RxSwift" */;
			productName = RxBlocking;
		};
		042722992DC8B0DB000815A7 /* RxCocoa */ = {
			isa = XCSwiftPackageProductDependency;
			package = 042722962DC8B0DB000815A7 /* XCRemoteSwiftPackageReference "RxSwift" */;
			productName = RxCocoa;
		};
		0427229B2DC8B0DB000815A7 /* RxRelay */ = {
			isa = XCSwiftPackageProductDependency;
			package = 042722962DC8B0DB000815A7 /* XCRemoteSwiftPackageReference "RxSwift" */;
			productName = RxRelay;
		};
		043FD3C72DC26D71002C03A6 /* SnapKit */ = {
			isa = XCSwiftPackageProductDependency;
			package = 043FD3C62DC26D71002C03A6 /* XCRemoteSwiftPackageReference "SnapKit" */;
			productName = SnapKit;
		};
		04AA497E2DCF64BE0057841B /* RealmSwift */ = {
			isa = XCSwiftPackageProductDependency;
			package = 04AA497B2DCF64BE0057841B /* XCRemoteSwiftPackageReference "realm-swift" */;
			productName = RealmSwift;
		};
/* End XCSwiftPackageProductDependency section */
	};
	rootObject = 043FD06C2DC26CC6002C03A6 /* Project object */;
}
